
Microsoft Visual Studio Solution File, Format Version 12.00
# Visual Studio Version 17
VisualStudioVersion = 17.11.35327.3
MinimumVisualStudioVersion = 10.0.40219.1
Project("{9A19103F-16F7-4668-BE54-9A1E7A4F7556}") = "KKHDotNetCore.ConsoleApp", "KKHDotNetCore.ConsoleApp\KKHDotNetCore.ConsoleApp.csproj", "{F5F41063-1B22-4C0B-A6B3-6340E6C2573E}"
EndProject
Project("{2150E333-8FDC-42A3-9474-1A3956D46DE8}") = "Documents", "Documents", "{03929A25-4AA6-4077-A16A-39C4FA1C8578}"
	ProjectSection(SolutionItems) = preProject
		README.md = README.md
	EndProjectSection
EndProject
Project("{9A19103F-16F7-4668-BE54-9A1E7A4F7556}") = "KKHDotNetCore.Database", "KKHDotNetCore.Database\KKHDotNetCore.Database.csproj", "{81097F02-05B2-4E99-9FB5-8019A847165B}"
EndProject
Project("{9A19103F-16F7-4668-BE54-9A1E7A4F7556}") = "KKHDotNetCore.RestApi", "KKHDotNetCore.RestApi\KKHDotNetCore.RestApi.csproj", "{8783315A-C5F3-44CA-B410-E0226A968120}"
EndProject
Project("{FAE04EC0-301F-11D3-BF4B-00C04F79EFBC}") = "KKHDotNetCore.Shared", "KKHDotNetCore.Shared\KKHDotNetCore.Shared.csproj", "{4E4188D9-81AC-4647-8661-3B1DCDAF7038}"
EndProject
Project("{FAE04EC0-301F-11D3-BF4B-00C04F79EFBC}") = "KKHDotNetCore.ConsoleApp2", "KKHDotNetCore.ConsoleApp2\KKHDotNetCore.ConsoleApp2.csproj", "{F8CE8612-266C-4542-AA19-21E23567147C}"
EndProject
Global
	GlobalSection(SolutionConfigurationPlatforms) = preSolution
		Debug|Any CPU = Debug|Any CPU
		Release|Any CPU = Release|Any CPU
	EndGlobalSection
	GlobalSection(ProjectConfigurationPlatforms) = postSolution
		{F5F41063-1B22-4C0B-A6B3-6340E6C2573E}.Debug|Any CPU.ActiveCfg = Debug|Any CPU
		{F5F41063-1B22-4C0B-A6B3-6340E6C2573E}.Debug|Any CPU.Build.0 = Debug|Any CPU
		{F5F41063-1B22-4C0B-A6B3-6340E6C2573E}.Release|Any CPU.ActiveCfg = Release|Any CPU
		{F5F41063-1B22-4C0B-A6B3-6340E6C2573E}.Release|Any CPU.Build.0 = Release|Any CPU
		{81097F02-05B2-4E99-9FB5-8019A847165B}.Debug|Any CPU.ActiveCfg = Debug|Any CPU
		{81097F02-05B2-4E99-9FB5-8019A847165B}.Debug|Any CPU.Build.0 = Debug|Any CPU
		{81097F02-05B2-4E99-9FB5-8019A847165B}.Release|Any CPU.ActiveCfg = Release|Any CPU
		{81097F02-05B2-4E99-9FB5-8019A847165B}.Release|Any CPU.Build.0 = Release|Any CPU
		{8783315A-C5F3-44CA-B410-E0226A968120}.Debug|Any CPU.ActiveCfg = Debug|Any CPU
		{8783315A-C5F3-44CA-B410-E0226A968120}.Debug|Any CPU.Build.0 = Debug|Any CPU
		{8783315A-C5F3-44CA-B410-E0226A968120}.Release|Any CPU.ActiveCfg = Release|Any CPU
		{8783315A-C5F3-44CA-B410-E0226A968120}.Release|Any CPU.Build.0 = Release|Any CPU
		{4E4188D9-81AC-4647-8661-3B1DCDAF7038}.Debug|Any CPU.ActiveCfg = Debug|Any CPU
		{4E4188D9-81AC-4647-8661-3B1DCDAF7038}.Debug|Any CPU.Build.0 = Debug|Any CPU
		{4E4188D9-81AC-4647-8661-3B1DCDAF7038}.Release|Any CPU.ActiveCfg = Release|Any CPU
		{4E4188D9-81AC-4647-8661-3B1DCDAF7038}.Release|Any CPU.Build.0 = Release|Any CPU
		{F8CE8612-266C-4542-AA19-21E23567147C}.Debug|Any CPU.ActiveCfg = Debug|Any CPU
		{F8CE8612-266C-4542-AA19-21E23567147C}.Debug|Any CPU.Build.0 = Debug|Any CPU
		{F8CE8612-266C-4542-AA19-21E23567147C}.Release|Any CPU.ActiveCfg = Release|Any CPU
		{F8CE8612-266C-4542-AA19-21E23567147C}.Release|Any CPU.Build.0 = Release|Any CPU
	EndGlobalSection
	GlobalSection(SolutionProperties) = preSolution
		HideSolutionNode = FALSE
	EndGlobalSection
	GlobalSection(ExtensibilityGlobals) = postSolution
		SolutionGuid = {8A9DCC28-C10A-43A6-936F-F568A04FA429}
	EndGlobalSection
EndGlobal
